# This is a Gradle generated file for dependency locking.
# Manual edits can break the build and are not advised.
# This file is expected to be part of source control.
# To regenerate this file, run: ./gradlew :dependencies --write-locks
cglib:cglib-nodep:3.2.2=testRuntimeClasspath
com.fasterxml.jackson.core:jackson-annotations:2.22=testArchRulesRuntime,testCompileClasspath,testRuntimeClasspath
com.fasterxml.jackson.core:jackson-core:2.22.1=testArchRulesRuntime,testCompileClasspath,testRuntimeClasspath
com.fasterxml.jackson.core:jackson-databind:2.22.1=testArchRulesRuntime,testCompileClasspath,testRuntimeClasspath
com.fasterxml.jackson:jackson-bom:2.22.1=testArchRulesRuntime,testCompileClasspath,testRuntimeClasspath
com.flipkart.zjsonpatch:zjsonpatch:0.4.4=testArchRulesRuntime,testCompileClasspath,testRuntimeClasspath
com.github.jknack:handlebars-helpers:4.0.6=testArchRulesRuntime,testCompileClasspath,testRuntimeClasspath
com.github.jknack:handlebars:4.0.6=testArchRulesRuntime,testCompileClasspath,testRuntimeClasspath
com.github.stefanbirkner:system-rules:1.19.0=testArchRulesRuntime,testCompileClasspath,testRuntimeClasspath
com.github.tomakehurst:wiremock:2.17.0=testArchRulesRuntime,testCompileClasspath,testRuntimeClasspath
com.google.guava:guava:20.0=testArchRulesRuntime,testCompileClasspath,testRuntimeClasspath
com.googlecode.javaewah:JavaEWAH:1.2.3=testArchRulesRuntime,testCompileClasspath,testRuntimeClasspath
com.jayway.jsonpath:json-path:3.0.0=testArchRulesRuntime,testCompileClasspath,testRuntimeClasspath
com.netflix.nebula:archrules-common:2.1.0=mainArchRulesRuntime,testArchRulesRuntime
com.netflix.nebula:archrules-deprecation:2.1.0=mainArchRulesRuntime,testArchRulesRuntime
com.netflix.nebula:archrules-gradle-plugin-development:1.0.4=mainArchRulesRuntime,testArchRulesRuntime
com.netflix.nebula:archrules-guava:2.1.0=mainArchRulesRuntime,testArchRulesRuntime
com.netflix.nebula:archrules-joda:2.1.0=mainArchRulesRuntime,testArchRulesRuntime
com.netflix.nebula:archrules-nullability:2.1.0=mainArchRulesRuntime,testArchRulesRuntime
com.netflix.nebula:archrules-security:2.1.0=mainArchRulesRuntime,testArchRulesRuntime
com.netflix.nebula:archrules-testing-frameworks:2.1.0=mainArchRulesRuntime,testArchRulesRuntime
com.netflix.nebula:nebula-archrules-core:1.4.2=mainArchRulesRuntime,testArchRulesRuntime
com.netflix.nebula:nebula-dependencies-comparison:0.4.2=compileClasspath,mainArchRulesRuntime,runtimeClasspath,testArchRulesRuntime,testCompileClasspath,testRuntimeClasspath
com.netflix.nebula:nebula-test:12.13.1=testArchRulesRuntime,testCompileClasspath,testRuntimeClasspath
com.squareup.moshi:moshi:1.12.0=compileClasspath,mainArchRulesRuntime,runtimeClasspath,testArchRulesRuntime,testCompileClasspath,testRuntimeClasspath
com.squareup.okio:okio:2.10.0=compileClasspath,mainArchRulesRuntime,runtimeClasspath,testArchRulesRuntime,testCompileClasspath,testRuntimeClasspath
com.tngtech.archunit:archunit:1.5.0=mainArchRulesRuntime,testArchRulesRuntime
commons-codec:commons-codec:1.22.1=testArchRulesRuntime,testCompileClasspath,testRuntimeClasspath
commons-logging:commons-logging:1.2=testArchRulesRuntime,testCompileClasspath,testRuntimeClasspath
io.leangen.geantyref:geantyref:1.3.16=testRuntimeClasspath
javax.servlet:javax.servlet-api:3.1.0=testArchRulesRuntime,testCompileClasspath,testRuntimeClasspath
joda-time:joda-time:2.10=compileClasspath,mainArchRulesRuntime,runtimeClasspath,testArchRulesRuntime,testCompileClasspath,testRuntimeClasspath
junit:junit-dep:4.11=testArchRulesRuntime,testCompileClasspath,testRuntimeClasspath
junit:junit:4.13.2=testArchRulesRuntime,testCompileClasspath,testRuntimeClasspath
net.bytebuddy:byte-buddy:1.18.3=testArchRulesRuntime,testCompileClasspath,testRuntimeClasspath
net.javacrumbs.json-unit:json-unit-assertj:6.2.0=testArchRulesRuntime,testCompileClasspath,testRuntimeClasspath
net.javacrumbs.json-unit:json-unit-core:6.2.0=testArchRulesRuntime,testCompileClasspath,testRuntimeClasspath
net.minidev:accessors-smart:2.6.0=testRuntimeClasspath
net.minidev:json-smart:2.6.0=testRuntimeClasspath
net.sf.jopt-simple:jopt-simple:5.0.3=testArchRulesRuntime,testCompileClasspath,testRuntimeClasspath
org.antlr:antlr4-runtime:4.5.1-1=testArchRulesRuntime,testCompileClasspath,testRuntimeClasspath
org.apache.commons:commons-lang3:3.12.0=compileClasspath,mainArchRulesRuntime,runtimeClasspath,testArchRulesRuntime,testCompileClasspath,testRuntimeClasspath
org.apache.groovy:groovy-bom:4.0.29=testArchRulesRuntime,testCompileClasspath,testRuntimeClasspath
org.apache.groovy:groovy:4.0.29=testArchRulesRuntime,testCompileClasspath,testRuntimeClasspath
org.apache.httpcomponents:httpclient:4.5.5=testArchRulesRuntime,testCompileClasspath,testRuntimeClasspath
org.apache.httpcomponents:httpcore:4.4.9=testArchRulesRuntime,testCompileClasspath,testRuntimeClasspath
org.apiguardian:apiguardian-api:1.1.2=testArchRulesRuntime,testCompileClasspath
org.assertj:assertj-core:3.27.7=testArchRulesRuntime,testCompileClasspath,testRuntimeClasspath
org.bouncycastle:bcpg-jdk18on:1.84=kotlinBouncyCastleConfiguration
org.bouncycastle:bcpkix-jdk18on:1.84=kotlinBouncyCastleConfiguration
org.bouncycastle:bcprov-jdk18on:1.84=kotlinBouncyCastleConfiguration
org.bouncycastle:bcutil-jdk18on:1.84=kotlinBouncyCastleConfiguration
org.eclipse.jetty:jetty-continuation:9.2.24.v20180105=testArchRulesRuntime,testCompileClasspath,testRuntimeClasspath
org.eclipse.jetty:jetty-http:9.2.24.v20180105=testArchRulesRuntime,testCompileClasspath,testRuntimeClasspath
org.eclipse.jetty:jetty-io:9.2.24.v20180105=testArchRulesRuntime,testCompileClasspath,testRuntimeClasspath
org.eclipse.jetty:jetty-security:9.2.24.v20180105=testArchRulesRuntime,testCompileClasspath,testRuntimeClasspath
org.eclipse.jetty:jetty-server:9.2.24.v20180105=testArchRulesRuntime,testCompileClasspath,testRuntimeClasspath
org.eclipse.jetty:jetty-servlet:9.2.24.v20180105=testArchRulesRuntime,testCompileClasspath,testRuntimeClasspath
org.eclipse.jetty:jetty-servlets:9.2.24.v20180105=testArchRulesRuntime,testCompileClasspath,testRuntimeClasspath
org.eclipse.jetty:jetty-util:9.2.24.v20180105=testArchRulesRuntime,testCompileClasspath,testRuntimeClasspath
org.eclipse.jetty:jetty-webapp:9.2.24.v20180105=testArchRulesRuntime,testCompileClasspath,testRuntimeClasspath
org.eclipse.jetty:jetty-xml:9.2.24.v20180105=testArchRulesRuntime,testCompileClasspath,testRuntimeClasspath
org.eclipse.jgit:org.eclipse.jgit:7.8.0.202609011348-r=testArchRulesRuntime,testCompileClasspath,testRuntimeClasspath
org.hamcrest:hamcrest-core:3.0=testArchRulesRuntime,testCompileClasspath,testRuntimeClasspath
org.hamcrest:hamcrest:3.0=testArchRulesRuntime,testCompileClasspath,testRuntimeClasspath
org.jetbrains.kotlin:kotlin-build-tools-api:2.4.0=kotlinAbiValidationCompatClasspath
org.jetbrains.kotlin:kotlin-build-tools-api:2.4.20=kotlinBuildToolsApiClasspath,kotlinCompilerClasspath,kotlinKlibCommonizerClasspath
org.jetbrains.kotlin:kotlin-build-tools-compat:2.4.20=kotlinAbiValidationCompatClasspath,kotlinBuildToolsApiClasspath,kotlinCompilerClasspath
org.jetbrains.kotlin:kotlin-build-tools-cri-impl:2.4.0=kotlinAbiValidationCompatClasspath
org.jetbrains.kotlin:kotlin-build-tools-cri-impl:2.4.20=kotlinBuildToolsApiClasspath,kotlinCompilerClasspath
org.jetbrains.kotlin:kotlin-build-tools-impl:2.4.0=kotlinAbiValidationCompatClasspath
org.jetbrains.kotlin:kotlin-build-tools-impl:2.4.20=kotlinBuildToolsApiClasspath,kotlinCompilerClasspath
org.jetbrains.kotlin:kotlin-compiler-embeddable:2.4.0=kotlinAbiValidationCompatClasspath
org.jetbrains.kotlin:kotlin-compiler-embeddable:2.4.20=kotlinBuildToolsApiClasspath,kotlinCompilerClasspath,kotlinKlibCommonizerClasspath
org.jetbrains.kotlin:kotlin-compiler-runner:2.4.0=kotlinAbiValidationCompatClasspath
org.jetbrains.kotlin:kotlin-compiler-runner:2.4.20=kotlinBuildToolsApiClasspath,kotlinCompilerClasspath
org.jetbrains.kotlin:kotlin-daemon-client:2.4.0=kotlinAbiValidationCompatClasspath
org.jetbrains.kotlin:kotlin-daemon-client:2.4.20=kotlinBuildToolsApiClasspath,kotlinCompilerClasspath
org.jetbrains.kotlin:kotlin-daemon-embeddable:2.4.0=kotlinAbiValidationCompatClasspath
org.jetbrains.kotlin:kotlin-daemon-embeddable:2.4.20=kotlinBuildToolsApiClasspath,kotlinCompilerClasspath,kotlinKlibCommonizerClasspath
org.jetbrains.kotlin:kotlin-klib-commonizer-embeddable:2.4.20=kotlinKlibCommonizerClasspath
org.jetbrains.kotlin:kotlin-metadata-jvm:2.3.20=mainArchRulesRuntime,testArchRulesRuntime
org.jetbrains.kotlin:kotlin-reflect:1.6.10=kotlinAbiValidationCompatClasspath,kotlinBuildToolsApiClasspath,kotlinCompilerClasspath,kotlinKlibCommonizerClasspath
org.jetbrains.kotlin:kotlin-script-runtime:2.4.0=kotlinAbiValidationCompatClasspath
org.jetbrains.kotlin:kotlin-script-runtime:2.4.20=kotlinBuildToolsApiClasspath,kotlinCompilerClasspath,kotlinCompilerPluginClasspathMain,kotlinCompilerPluginClasspathTest,kotlinKlibCommonizerClasspath
org.jetbrains.kotlin:kotlin-scripting-common:2.4.20=kotlinCompilerPluginClasspathMain,kotlinCompilerPluginClasspathTest
org.jetbrains.kotlin:kotlin-scripting-compiler-embeddable:2.4.20=kotlinCompilerPluginClasspathMain,kotlinCompilerPluginClasspathTest
org.jetbrains.kotlin:kotlin-scripting-compiler-impl-embeddable:2.4.20=kotlinCompilerPluginClasspathMain,kotlinCompilerPluginClasspathTest
org.jetbrains.kotlin:kotlin-scripting-jvm:2.4.20=kotlinCompilerPluginClasspathMain,kotlinCompilerPluginClasspathTest
org.jetbrains.kotlin:kotlin-stdlib-common:1.4.31=compileClasspath,mainArchRulesRuntime,runtimeClasspath
org.jetbrains.kotlin:kotlin-stdlib-common:2.4.20=testArchRulesRuntime,testCompileClasspath,testRuntimeClasspath
org.jetbrains.kotlin:kotlin-stdlib:1.4.31=compileClasspath,mainArchRulesRuntime,runtimeClasspath
org.jetbrains.kotlin:kotlin-stdlib:2.4.0=kotlinAbiValidationCompatClasspath
org.jetbrains.kotlin:kotlin-stdlib:2.4.20=kotlinBuildToolsApiClasspath,kotlinCompilerClasspath,kotlinCompilerPluginClasspathMain,kotlinCompilerPluginClasspathTest,kotlinKlibCommonizerClasspath,testArchRulesRuntime,testCompileClasspath,testRuntimeClasspath
org.jetbrains.kotlin:kotlin-tooling-core:2.4.20=kotlinAbiValidationCompatClasspath,kotlinBuildToolsApiClasspath,kotlinCompilerClasspath
org.jetbrains.kotlinx:kotlinx-coroutines-core-jvm:1.8.0=kotlinAbiValidationCompatClasspath,kotlinBuildToolsApiClasspath,kotlinCompilerClasspath,kotlinKlibCommonizerClasspath
org.jetbrains:annotations:13.0=compileClasspath,kotlinAbiValidationCompatClasspath,kotlinBuildToolsApiClasspath,kotlinCompilerClasspath,kotlinCompilerPluginClasspathMain,kotlinCompilerPluginClasspathTest,kotlinKlibCommonizerClasspath,mainArchRulesRuntime,runtimeClasspath,testArchRulesRuntime,testCompileClasspath,testRuntimeClasspath
org.jspecify:jspecify:1.0.0=compileClasspath,mainArchRulesRuntime,runtimeClasspath,testArchRulesRuntime,testCompileClasspath,testRuntimeClasspath
org.junit.jupiter:junit-jupiter-api:5.14.1=testArchRulesRuntime,testCompileClasspath,testRuntimeClasspath
org.junit.jupiter:junit-jupiter-engine:5.14.1=testRuntimeClasspath
org.junit.jupiter:junit-jupiter-params:5.14.1=testArchRulesRuntime,testCompileClasspath,testRuntimeClasspath
org.junit.jupiter:junit-jupiter:5.14.1=testArchRulesRuntime,testCompileClasspath,testRuntimeClasspath
org.junit.platform:junit-platform-commons:1.14.1=testArchRulesRuntime,testCompileClasspath,testRuntimeClasspath
org.junit.platform:junit-platform-engine:1.14.1=testArchRulesRuntime,testCompileClasspath,testRuntimeClasspath
org.junit.platform:junit-platform-launcher:1.14.1=testRuntimeClasspath
org.junit:junit-bom:5.14.1=testArchRulesRuntime,testCompileClasspath,testRuntimeClasspath
org.mozilla:rhino:1.7R4=testArchRulesRuntime,testCompileClasspath,testRuntimeClasspath
org.objenesis:objenesis:2.4=testRuntimeClasspath
org.opentest4j:opentest4j:1.3.0=testArchRulesRuntime,testCompileClasspath,testRuntimeClasspath
org.ow2.asm:asm:9.7.1=testRuntimeClasspath
org.slf4j:slf4j-api:2.0.18=mainArchRulesRuntime,testArchRulesRuntime,testCompileClasspath,testRuntimeClasspath
org.spockframework:spock-bom:2.4-groovy-4.0=testArchRulesRuntime,testCompileClasspath,testRuntimeClasspath
org.spockframework:spock-core:2.4-groovy-4.0=testArchRulesRuntime,testCompileClasspath,testRuntimeClasspath
org.spockframework:spock-junit4:2.4-groovy-4.0=testArchRulesRuntime,testCompileClasspath,testRuntimeClasspath
org.xmlunit:xmlunit-core:2.5.1=testArchRulesRuntime,testCompileClasspath,testRuntimeClasspath
org.xmlunit:xmlunit-legacy:2.5.1=testArchRulesRuntime,testCompileClasspath,testRuntimeClasspath
empty=annotationProcessor,implementationDependenciesMetadata,kotlinCompilerPluginClasspath,kotlinNativeCompilerPluginClasspath,kotlinScriptDefExtensions,testAnnotationProcessor,testImplementationDependenciesMetadata,testKotlinScriptDefExtensions
